
Microsoft Visual Studio Solution File, Format Version 12.00
# Visual Studio Version 17
VisualStudioVersion = 17.14.36310.24 d17.14
MinimumVisualStudioVersion = 10.0.40219.1
Project("{FAE04EC0-301F-11D3-BF4B-00C04F79EFBC}") = "DemoProject", "DemoProject\DemoProject.csproj", "{4E121A83-0C76-4467-AC54-C904DC05D63C}"
EndProject
Project("{FAE04EC0-301F-11D3-BF4B-00C04F79EFBC}") = "DemoProject.Tests", "DemoProject.Tests\DemoProject.Tests.csproj", "{2DEADF4F-CD66-424D-AB2D-E0C9BD536277}"
EndProject
Global
	GlobalSection(SolutionConfigurationPlatforms) = preSolution
		Debug|Any CPU = Debug|Any CPU
		Release|Any CPU = Release|Any CPU
	EndGlobalSection
	GlobalSection(ProjectConfigurationPlatforms) = postSolution
		{4E121A83-0C76-4467-AC54-C904DC05D63C}.Debug|Any CPU.ActiveCfg = Debug|Any CPU
		{4E121A83-0C76-4467-AC54-C904DC05D63C}.Debug|Any CPU.Build.0 = Debug|Any CPU
		{4E121A83-0C76-4467-AC54-C904DC05D63C}.Release|Any CPU.ActiveCfg = Release|Any CPU
		{4E121A83-0C76-4467-AC54-C904DC05D63C}.Release|Any CPU.Build.0 = Release|Any CPU
		{2DEADF4F-CD66-424D-AB2D-E0C9BD536277}.Debug|Any CPU.ActiveCfg = Debug|Any CPU
		{2DEADF4F-CD66-424D-AB2D-E0C9BD536277}.Debug|Any CPU.Build.0 = Debug|Any CPU
		{2DEADF4F-CD66-424D-AB2D-E0C9BD536277}.Release|Any CPU.ActiveCfg = Release|Any CPU
		{2DEADF4F-CD66-424D-AB2D-E0C9BD536277}.Release|Any CPU.Build.0 = Release|Any CPU
	EndGlobalSection
	GlobalSection(SolutionProperties) = preSolution
		HideSolutionNode = FALSE
	EndGlobalSection
	GlobalSection(ExtensibilityGlobals) = postSolution
		SolutionGuid = {4A46D25C-F4EE-4014-8CFF-0A236352ADE3}
	EndGlobalSection
EndGlobal
