
Microsoft Visual Studio Solution File, Format Version 12.00
# Visual Studio Version 17
VisualStudioVersion = 17.14.36310.24 d17.14
MinimumVisualStudioVersion = 10.0.40219.1
Project("{FAE04EC0-301F-11D3-BF4B-00C04F79EFBC}") = "StackEx", "StackEx\StackEx.csproj", "{8BA1BC6D-17A3-4C79-9C16-0410345FAF81}"
EndProject
Global
	GlobalSection(SolutionConfigurationPlatforms) = preSolution
		Debug|Any CPU = Debug|Any CPU
		Release|Any CPU = Release|Any CPU
	EndGlobalSection
	GlobalSection(ProjectConfigurationPlatforms) = postSolution
		{8BA1BC6D-17A3-4C79-9C16-0410345FAF81}.Debug|Any CPU.ActiveCfg = Debug|Any CPU
		{8BA1BC6D-17A3-4C79-9C16-0410345FAF81}.Debug|Any CPU.Build.0 = Debug|Any CPU
		{8BA1BC6D-17A3-4C79-9C16-0410345FAF81}.Release|Any CPU.ActiveCfg = Release|Any CPU
		{8BA1BC6D-17A3-4C79-9C16-0410345FAF81}.Release|Any CPU.Build.0 = Release|Any CPU
	EndGlobalSection
	GlobalSection(SolutionProperties) = preSolution
		HideSolutionNode = FALSE
	EndGlobalSection
	GlobalSection(ExtensibilityGlobals) = postSolution
		SolutionGuid = {75DEB46B-EEED-4F5A-8495-45F875DDCD2C}
	EndGlobalSection
EndGlobal
